
Microsoft Visual Studio Solution File, Format Version 12.00
# Visual Studio Version 17
VisualStudioVersion = 17.4.33205.214
MinimumVisualStudioVersion = 10.0.40219.1
Project("{FAE04EC0-301F-11D3-BF4B-00C04F79EFBC}") = "cake-baking-process-application", "cake-baking-process-application\cake-baking-process-application.csproj", "{016183CF-5BAE-4E5F-8481-4868E133FB88}"
EndProject
Global
	GlobalSection(SolutionConfigurationPlatforms) = preSolution
		Debug|Any CPU = Debug|Any CPU
		Release|Any CPU = Release|Any CPU
	EndGlobalSection
	GlobalSection(ProjectConfigurationPlatforms) = postSolution
		{016183CF-5BAE-4E5F-8481-4868E133FB88}.Debug|Any CPU.ActiveCfg = Debug|Any CPU
		{016183CF-5BAE-4E5F-8481-4868E133FB88}.Debug|Any CPU.Build.0 = Debug|Any CPU
		{016183CF-5BAE-4E5F-8481-4868E133FB88}.Release|Any CPU.ActiveCfg = Release|Any CPU
		{016183CF-5BAE-4E5F-8481-4868E133FB88}.Release|Any CPU.Build.0 = Release|Any CPU
	EndGlobalSection
	GlobalSection(SolutionProperties) = preSolution
		HideSolutionNode = FALSE
	EndGlobalSection
	GlobalSection(ExtensibilityGlobals) = postSolution
		SolutionGuid = {B654C6EF-2F30-42EB-8144-F88209D76D08}
	EndGlobalSection
EndGlobal
